// !$*UTF8*$!
{
	archiveVersion = 1;
	classes = {
	};
	objectVersion = 46;
	objects = {

/* Begin PBXBuildFile section */
		C80C501A133A9FC700B54C48 /* CatalogBuilderAppDelegate.m in Sources */ = {isa = PBXBuildFile; fileRef = C80C500E133A9FC700B54C48 /* CatalogBuilderAppDelegate.m */; };
		C80C501B133A9FC700B54C48 /* CatalogBuilderViewController.m in Sources */ = {isa = PBXBuildFile; fileRef = C80C5010133A9FC700B54C48 /* CatalogBuilderViewController.m */; };
		C80C5020133A9FC700B54C48 /* main.m in Sources */ = {isa = PBXBuildFile; fileRef = C80C5019133A9FC700B54C48 /* main.m */; };
		C80C5027133A9FF500B54C48 /* CatalogBuilderViewController.xib in Resources */ = {isa = PBXBuildFile; fileRef = C80C5021133A9FF500B54C48 /* CatalogBuilderViewController.xib */; };
		C80C5028133A9FF500B54C48 /* InfoPlist.strings in Resources */ = {isa = PBXBuildFile; fileRef = C80C5023133A9FF500B54C48 /* InfoPlist.strings */; };
		C80C5029133A9FF500B54C48 /* MainWindow.xib in Resources */ = {isa = PBXBuildFile; fileRef = C80C5025133A9FF500B54C48 /* MainWindow.xib */; };
		C853B833133A9A0000BD30FD /* UIKit.framework in Frameworks */ = {isa = PBXBuildFile; fileRef = C853B832133A9A0000BD30FD /* UIKit.framework */; };
		C853B835133A9A0000BD30FD /* Foundation.framework in Frameworks */ = {isa = PBXBuildFile; fileRef = C853B834133A9A0000BD30FD /* Foundation.framework */; };
		C853B837133A9A0000BD30FD /* CoreGraphics.framework in Frameworks */ = {isa = PBXBuildFile; fileRef = C853B836133A9A0000BD30FD /* CoreGraphics.framework */; };
		C889381F1341043D00F44D8E /* MediaPlayer.framework in Frameworks */ = {isa = PBXBuildFile; fileRef = C889381E1341043D00F44D8E /* MediaPlayer.framework */; };
		C8893824134114A400F44D8E /* CFNetwork.framework in Frameworks */ = {isa = PBXBuildFile; fileRef = C8893823134114A400F44D8E /* CFNetwork.framework */; };
		C8893826134114BE00F44D8E /* SystemConfiguration.framework in Frameworks */ = {isa = PBXBuildFile; fileRef = C8893825134114BE00F44D8E /* SystemConfiguration.framework */; };
		C8893828134114D400F44D8E /* MobileCoreServices.framework in Frameworks */ = {isa = PBXBuildFile; fileRef = C8893827134114D400F44D8E /* MobileCoreServices.framework */; };
		C889382A134114F200F44D8E /* libz.dylib in Frameworks */ = {isa = PBXBuildFile; fileRef = C8893829134114F200F44D8E /* libz.dylib */; };
		C8BF6AA31342ABCD00C77693 /* libechonest.a in Frameworks */ = {isa = PBXBuildFile; fileRef = C8BF6AA21342ABCD00C77693 /* libechonest.a */; };
/* End PBXBuildFile section */

/* Begin PBXContainerItemProxy section */
		C8D4362C1342AB6E003B70DB /* PBXContainerItemProxy */ = {
			isa = PBXContainerItemProxy;
			containerPortal = C8D436271342AB6E003B70DB /* libechonest.xcodeproj */;
			proxyType = 2;
			remoteGlobalIDString = C81C29541326DDBD0048DD51;
			remoteInfo = echonest;
		};
		C8D4362E1342AB6E003B70DB /* PBXContainerItemProxy */ = {
			isa = PBXContainerItemProxy;
			containerPortal = C8D436271342AB6E003B70DB /* libechonest.xcodeproj */;
			proxyType = 2;
			remoteGlobalIDString = C869523B1329D783005F6CF5;
			remoteInfo = tests;
		};
/* End PBXContainerItemProxy section */

/* Begin PBXFileReference section */
		C80C500C133A9FC700B54C48 /* CatalogBuilder-Prefix.pch */ = {isa = PBXFileReference; fileEncoding = 4; lastKnownFileType = sourcecode.c.h; path = "CatalogBuilder-Prefix.pch"; sourceTree = "<group>"; };
		C80C500D133A9FC700B54C48 /* CatalogBuilderAppDelegate.h */ = {isa = PBXFileReference; fileEncoding = 4; lastKnownFileType = sourcecode.c.h; path = CatalogBuilderAppDelegate.h; sourceTree = "<group>"; };
		C80C500E133A9FC700B54C48 /* CatalogBuilderAppDelegate.m */ = {isa = PBXFileReference; fileEncoding = 4; lastKnownFileType = sourcecode.c.objc; path = CatalogBuilderAppDelegate.m; sourceTree = "<group>"; };
		C80C500F133A9FC700B54C48 /* CatalogBuilderViewController.h */ = {isa = PBXFileReference; fileEncoding = 4; lastKnownFileType = sourcecode.c.h; path = CatalogBuilderViewController.h; sourceTree = "<group>"; };
		C80C5010133A9FC700B54C48 /* CatalogBuilderViewController.m */ = {isa = PBXFileReference; fileEncoding = 4; lastKnownFileType = sourcecode.c.objc; path = CatalogBuilderViewController.m; sourceTree = "<group>"; };
		C80C5011133A9FC700B54C48 /* EN-CatalogBuilder-Info.plist */ = {isa = PBXFileReference; fileEncoding = 4; lastKnownFileType = text.plist.xml; path = "EN-CatalogBuilder-Info.plist"; sourceTree = "<group>"; };
		C80C5019133A9FC700B54C48 /* main.m */ = {isa = PBXFileReference; fileEncoding = 4; lastKnownFileType = sourcecode.c.objc; path = main.m; sourceTree = "<group>"; };
		C80C5022133A9FF500B54C48 /* en */ = {isa = PBXFileReference; lastKnownFileType = file.xib; name = en; path = en.lproj/CatalogBuilderViewController.xib; sourceTree = "<group>"; };
		C80C5024133A9FF500B54C48 /* en */ = {isa = PBXFileReference; lastKnownFileType = text.plist.strings; name = en; path = en.lproj/InfoPlist.strings; sourceTree = "<group>"; };
		C80C5026133A9FF500B54C48 /* en */ = {isa = PBXFileReference; lastKnownFileType = file.xib; name = en; path = en.lproj/MainWindow.xib; sourceTree = "<group>"; };
		C853B82E133A9A0000BD30FD /* EN-CatalogBuilder.app */ = {isa = PBXFileReference; explicitFileType = wrapper.application; includeInIndex = 0; path = "EN-CatalogBuilder.app"; sourceTree = BUILT_PRODUCTS_DIR; };
		C853B832133A9A0000BD30FD /* UIKit.framework */ = {isa = PBXFileReference; lastKnownFileType = wrapper.framework; name = UIKit.framework; path = System/Library/Frameworks/UIKit.framework; sourceTree = SDKROOT; };
		C853B834133A9A0000BD30FD /* Foundation.framework */ = {isa = PBXFileReference; lastKnownFileType = wrapper.framework; name = Foundation.framework; path = System/Library/Frameworks/Foundation.framework; sourceTree = SDKROOT; };
		C853B836133A9A0000BD30FD /* CoreGraphics.framework */ = {isa = PBXFileReference; lastKnownFileType = wrapper.framework; name = CoreGraphics.framework; path = System/Library/Frameworks/CoreGraphics.framework; sourceTree = SDKROOT; };
		C889381E1341043D00F44D8E /* MediaPlayer.framework */ = {isa = PBXFileReference; lastKnownFileType = wrapper.framework; name = MediaPlayer.framework; path = System/Library/Frameworks/MediaPlayer.framework; sourceTree = SDKROOT; };
		C8893823134114A400F44D8E /* CFNetwork.framework */ = {isa = PBXFileReference; lastKnownFileType = wrapper.framework; name = CFNetwork.framework; path = System/Library/Frameworks/CFNetwork.framework; sourceTree = SDKROOT; };
		C8893825134114BE00F44D8E /* SystemConfiguration.framework */ = {isa = PBXFileReference; lastKnownFileType = wrapper.framework; name = SystemConfiguration.framework; path = System/Library/Frameworks/SystemConfiguration.framework; sourceTree = SDKROOT; };
		C8893827134114D400F44D8E /* MobileCoreServices.framework */ = {isa = PBXFileReference; lastKnownFileType = wrapper.framework; name = MobileCoreServices.framework; path = System/Library/Frameworks/MobileCoreServices.framework; sourceTree = SDKROOT; };
		C8893829134114F200F44D8E /* libz.dylib */ = {isa = PBXFileReference; lastKnownFileType = "compiled.mach-o.dylib"; name = libz.dylib; path = usr/lib/libz.dylib; sourceTree = SDKROOT; };
		C8BF6AA21342ABCD00C77693 /* libechonest.a */ = {isa = PBXFileReference; explicitFileType = archive.ar; path = libechonest.a; sourceTree = BUILT_PRODUCTS_DIR; };
		C8D436271342AB6E003B70DB /* libechonest.xcodeproj */ = {isa = PBXFileReference; lastKnownFileType = "wrapper.pb-project"; name = libechonest.xcodeproj; path = ../../libechonest/libechonest.xcodeproj; sourceTree = "<group>"; };
/* End PBXFileReference section */

/* Begin PBXFrameworksBuildPhase section */
		C853B82B133A9A0000BD30FD /* Frameworks */ = {
			isa = PBXFrameworksBuildPhase;
			buildActionMask = 2147483647;
			files = (
				C8BF6AA31342ABCD00C77693 /* libechonest.a in Frameworks */,
				C8893824134114A400F44D8E /* CFNetwork.framework in Frameworks */,
				C853B837133A9A0000BD30FD /* CoreGraphics.framework in Frameworks */,
				C853B835133A9A0000BD30FD /* Foundation.framework in Frameworks */,
				C889381F1341043D00F44D8E /* MediaPlayer.framework in Frameworks */,
				C8893828134114D400F44D8E /* MobileCoreServices.framework in Frameworks */,
				C8893826134114BE00F44D8E /* SystemConfiguration.framework in Frameworks */,
				C853B833133A9A0000BD30FD /* UIKit.framework in Frameworks */,
				C889382A134114F200F44D8E /* libz.dylib in Frameworks */,
			);
			runOnlyForDeploymentPostprocessing = 0;
		};
/* End PBXFrameworksBuildPhase section */

/* Begin PBXGroup section */
		C853B823133A9A0000BD30FD = {
			isa = PBXGroup;
			children = (
				C8D436271342AB6E003B70DB /* libechonest.xcodeproj */,
				C853B838133A9A0000BD30FD /* EN-CatalogBuilder */,
				C853B831133A9A0000BD30FD /* Frameworks */,
				C853B82F133A9A0000BD30FD /* Products */,
			);
			sourceTree = "<group>";
		};
		C853B82F133A9A0000BD30FD /* Products */ = {
			isa = PBXGroup;
			children = (
				C853B82E133A9A0000BD30FD /* EN-CatalogBuilder.app */,
			);
			name = Products;
			sourceTree = "<group>";
		};
		C853B831133A9A0000BD30FD /* Frameworks */ = {
			isa = PBXGroup;
			children = (
				C8893829134114F200F44D8E /* libz.dylib */,
				C8BF6AA21342ABCD00C77693 /* libechonest.a */,
				C8893827134114D400F44D8E /* MobileCoreServices.framework */,
				C8893825134114BE00F44D8E /* SystemConfiguration.framework */,
				C8893823134114A400F44D8E /* CFNetwork.framework */,
				C889381E1341043D00F44D8E /* MediaPlayer.framework */,
				C853B832133A9A0000BD30FD /* UIKit.framework */,
				C853B834133A9A0000BD30FD /* Foundation.framework */,
				C853B836133A9A0000BD30FD /* CoreGraphics.framework */,
			);
			name = Frameworks;
			sourceTree = "<group>";
		};
		C853B838133A9A0000BD30FD /* EN-CatalogBuilder */ = {
			isa = PBXGroup;
			children = (
				C80C5021133A9FF500B54C48 /* CatalogBuilderViewController.xib */,
				C80C500D133A9FC700B54C48 /* CatalogBuilderAppDelegate.h */,
				C80C500E133A9FC700B54C48 /* CatalogBuilderAppDelegate.m */,
				C80C500F133A9FC700B54C48 /* CatalogBuilderViewController.h */,
				C80C5010133A9FC700B54C48 /* CatalogBuilderViewController.m */,
				C80C5025133A9FF500B54C48 /* MainWindow.xib */,
				C853B839133A9A0000BD30FD /* Supporting Files */,
			);
			path = "EN-CatalogBuilder";
			sourceTree = "<group>";
		};
		C853B839133A9A0000BD30FD /* Supporting Files */ = {
			isa = PBXGroup;
			children = (
				C80C5011133A9FC700B54C48 /* EN-CatalogBuilder-Info.plist */,
				C80C5019133A9FC700B54C48 /* main.m */,
				C80C500C133A9FC700B54C48 /* CatalogBuilder-Prefix.pch */,
				C80C5023133A9FF500B54C48 /* InfoPlist.strings */,
			);
			name = "Supporting Files";
			sourceTree = "<group>";
		};
		C8D436281342AB6E003B70DB /* Products */ = {
			isa = PBXGroup;
			children = (
				C8D4362D1342AB6E003B70DB /* libechonest.a */,
				C8D4362F1342AB6E003B70DB /* tests.octest */,
			);
			name = Products;
			sourceTree = "<group>";
		};
/* End PBXGroup section */

/* Begin PBXNativeTarget section */
		C853B82D133A9A0000BD30FD /* EN-CatalogBuilder */ = {
			isa = PBXNativeTarget;
			buildConfigurationList = C853B84F133A9A0000BD30FD /* Build configuration list for PBXNativeTarget "EN-CatalogBuilder" */;
			buildPhases = (
				C853B82A133A9A0000BD30FD /* Sources */,
				C853B82B133A9A0000BD30FD /* Frameworks */,
				C853B82C133A9A0000BD30FD /* Resources */,
			);
			buildRules = (
			);
			dependencies = (
			);
			name = "EN-CatalogBuilder";
			productName = CatalogBuilder;
			productReference = C853B82E133A9A0000BD30FD /* EN-CatalogBuilder.app */;
			productType = "com.apple.product-type.application";
		};
/* End PBXNativeTarget section */

/* Begin PBXProject section */
		C853B825133A9A0000BD30FD /* Project object */ = {
			isa = PBXProject;
			buildConfigurationList = C853B828133A9A0000BD30FD /* Build configuration list for PBXProject "EN-CatalogBuilder" */;
			compatibilityVersion = "Xcode 3.2";
			developmentRegion = English;
			hasScannedForEncodings = 0;
			knownRegions = (
				en,
			);
			mainGroup = C853B823133A9A0000BD30FD;
			productRefGroup = C853B82F133A9A0000BD30FD /* Products */;
			projectDirPath = "";
			projectReferences = (
				{
					ProductGroup = C8D436281342AB6E003B70DB /* Products */;
					ProjectRef = C8D436271342AB6E003B70DB /* libechonest.xcodeproj */;
				},
			);
			projectRoot = "";
			targets = (
				C853B82D133A9A0000BD30FD /* EN-CatalogBuilder */,
			);
		};
/* End PBXProject section */

/* Begin PBXReferenceProxy section */
		C8D4362D1342AB6E003B70DB /* libechonest.a */ = {
			isa = PBXReferenceProxy;
			fileType = archive.ar;
			path = libechonest.a;
			remoteRef = C8D4362C1342AB6E003B70DB /* PBXContainerItemProxy */;
			sourceTree = BUILT_PRODUCTS_DIR;
		};
		C8D4362F1342AB6E003B70DB /* tests.octest */ = {
			isa = PBXReferenceProxy;
			fileType = wrapper.cfbundle;
			path = tests.octest;
			remoteRef = C8D4362E1342AB6E003B70DB /* PBXContainerItemProxy */;
			sourceTree = BUILT_PRODUCTS_DIR;
		};
/* End PBXReferenceProxy section */

/* Begin PBXResourcesBuildPhase section */
		C853B82C133A9A0000BD30FD /* Resources */ = {
			isa = PBXResourcesBuildPhase;
			buildActionMask = 2147483647;
			files = (
				C80C5027133A9FF500B54C48 /* CatalogBuilderViewController.xib in Resources */,
				C80C5028133A9FF500B54C48 /* InfoPlist.strings in Resources */,
				C80C5029133A9FF500B54C48 /* MainWindow.xib in Resources */,
			);
			runOnlyForDeploymentPostprocessing = 0;
		};
/* End PBXResourcesBuildPhase section */

/* Begin PBXSourcesBuildPhase section */
		C853B82A133A9A0000BD30FD /* Sources */ = {
			isa = PBXSourcesBuildPhase;
			buildActionMask = 2147483647;
			files = (
				C80C501A133A9FC700B54C48 /* CatalogBuilderAppDelegate.m in Sources */,
				C80C501B133A9FC700B54C48 /* CatalogBuilderViewController.m in Sources */,
				C80C5020133A9FC700B54C48 /* main.m in Sources */,
			);
			runOnlyForDeploymentPostprocessing = 0;
		};
/* End PBXSourcesBuildPhase section */

/* Begin PBXVariantGroup section */
		C80C5021133A9FF500B54C48 /* CatalogBuilderViewController.xib */ = {
			isa = PBXVariantGroup;
			children = (
				C80C5022133A9FF500B54C48 /* en */,
			);
			name = CatalogBuilderViewController.xib;
			sourceTree = "<group>";
		};
		C80C5023133A9FF500B54C48 /* InfoPlist.strings */ = {
			isa = PBXVariantGroup;
			children = (
				C80C5024133A9FF500B54C48 /* en */,
			);
			name = InfoPlist.strings;
			sourceTree = "<group>";
		};
		C80C5025133A9FF500B54C48 /* MainWindow.xib */ = {
			isa = PBXVariantGroup;
			children = (
				C80C5026133A9FF500B54C48 /* en */,
			);
			name = MainWindow.xib;
			sourceTree = "<group>";
		};
/* End PBXVariantGroup section */

/* Begin XCBuildConfiguration section */
		C853B84D133A9A0000BD30FD /* Debug */ = {
			isa = XCBuildConfiguration;
			buildSettings = {
				ARCHS = "$(ARCHS_STANDARD_32_BIT)";
				"CODE_SIGN_IDENTITY[sdk=iphoneos*]" = "iPhone Developer";
				GCC_C_LANGUAGE_STANDARD = gnu99;
				GCC_OPTIMIZATION_LEVEL = 0;
				GCC_PREPROCESSOR_DEFINITIONS = DEBUG;
				GCC_VERSION = com.apple.compilers.llvmgcc42;
				GCC_WARN_ABOUT_RETURN_TYPE = YES;
				GCC_WARN_UNUSED_VARIABLE = YES;
				HEADER_SEARCH_PATHS = "../../libechonest/libechonest/src/**";
				INFOPLIST_FILE = "EN-CatalogBuilder/EN-CatalogBuilder-Info.plist";
				IPHONEOS_DEPLOYMENT_TARGET = 4.2;
				OTHER_LDFLAGS = (
					"-Objc",
					"-all_load",
				);
				SDKROOT = iphoneos;
			};
			name = Debug;
		};
		C853B84E133A9A0000BD30FD /* Release */ = {
			isa = XCBuildConfiguration;
			buildSettings = {
				ARCHS = "$(ARCHS_STANDARD_32_BIT)";
				"CODE_SIGN_IDENTITY[sdk=iphoneos*]" = "iPhone Developer";
				GCC_C_LANGUAGE_STANDARD = gnu99;
				GCC_VERSION = com.apple.compilers.llvmgcc42;
				GCC_WARN_ABOUT_RETURN_TYPE = YES;
				GCC_WARN_UNUSED_VARIABLE = YES;
				HEADER_SEARCH_PATHS = "../../libechonest/libechonest/src/**";
				INFOPLIST_FILE = "";
				IPHONEOS_DEPLOYMENT_TARGET = 4.2;
				OTHER_CFLAGS = "-DNS_BLOCK_ASSERTIONS=1";
				OTHER_LDFLAGS = (
					"-Objc",
					"-all_load",
				);
				SDKROOT = iphoneos;
			};
			name = Release;
		};
		C853B850133A9A0000BD30FD /* Debug */ = {
			isa = XCBuildConfiguration;
			buildSettings = {
				ALWAYS_SEARCH_USER_PATHS = NO;
				COPY_PHASE_STRIP = NO;
				GCC_DYNAMIC_NO_PIC = NO;
				GCC_PRECOMPILE_PREFIX_HEADER = YES;
				GCC_PREFIX_HEADER = "EN-CatalogBuilder/CatalogBuilder-Prefix.pch";
				INSTALL_PATH = "$(LOCAL_APPS_DIR)";
				LIBRARY_SEARCH_PATHS = (
					"$(inherited)",
					"\"$(SRCROOT)\"",
				);
				PRODUCT_NAME = "EN-CatalogBuilder";
				RUN_CLANG_STATIC_ANALYZER = YES;
				WRAPPER_EXTENSION = app;
			};
			name = Debug;
		};
		C853B851133A9A0000BD30FD /* Release */ = {
			isa = XCBuildConfiguration;
			buildSettings = {
				ALWAYS_SEARCH_USER_PATHS = NO;
				COPY_PHASE_STRIP = YES;
				GCC_PRECOMPILE_PREFIX_HEADER = YES;
				GCC_PREFIX_HEADER = "EN-CatalogBuilder/CatalogBuilder-Prefix.pch";
				INSTALL_PATH = "$(LOCAL_APPS_DIR)";
				LIBRARY_SEARCH_PATHS = (
					"$(inherited)",
					"\"$(SRCROOT)\"",
				);
				PRODUCT_NAME = "EN-CatalogBuilder";
				VALIDATE_PRODUCT = YES;
				WRAPPER_EXTENSION = app;
			};
			name = Release;
		};
/* End XCBuildConfiguration section */

/* Begin XCConfigurationList section */
		C853B828133A9A0000BD30FD /* Build configuration list for PBXProject "EN-CatalogBuilder" */ = {
			isa = XCConfigurationList;
			buildConfigurations = (
				C853B84D133A9A0000BD30FD /* Debug */,
				C853B84E133A9A0000BD30FD /* Release */,
			);
			defaultConfigurationIsVisible = 0;
			defaultConfigurationName = Release;
		};
		C853B84F133A9A0000BD30FD /* Build configuration list for PBXNativeTarget "EN-CatalogBuilder" */ = {
			isa = XCConfigurationList;
			buildConfigurations = (
				C853B850133A9A0000BD30FD /* Debug */,
				C853B851133A9A0000BD30FD /* Release */,
			);
			defaultConfigurationIsVisible = 0;
			defaultConfigurationName = Release;
		};
/* End XCConfigurationList section */
	};
	rootObject = C853B825133A9A0000BD30FD /* Project object */;
}
