// !$*UTF8*$!
{
	archiveVersion = 1;
	classes = {
	};
	objectVersion = 46;
	objects = {

/* Begin PBXBuildFile section */
		C853B833133A9A0000BD30FD /* UIKit.framework in Frameworks */ = {isa = PBXBuildFile; fileRef = C853B832133A9A0000BD30FD /* UIKit.framework */; };
		C853B835133A9A0000BD30FD /* Foundation.framework in Frameworks */ = {isa = PBXBuildFile; fileRef = C853B834133A9A0000BD30FD /* Foundation.framework */; };
		C853B837133A9A0000BD30FD /* CoreGraphics.framework in Frameworks */ = {isa = PBXBuildFile; fileRef = C853B836133A9A0000BD30FD /* CoreGraphics.framework */; };
		C853B83D133A9A0000BD30FD /* InfoPlist.strings in Resources */ = {isa = PBXBuildFile; fileRef = C853B83B133A9A0000BD30FD /* InfoPlist.strings */; };
		C853B840133A9A0000BD30FD /* main.m in Sources */ = {isa = PBXBuildFile; fileRef = C853B83F133A9A0000BD30FD /* main.m */; };
		C853B843133A9A0000BD30FD /* CatalogBuilderAppDelegate.m in Sources */ = {isa = PBXBuildFile; fileRef = C853B842133A9A0000BD30FD /* CatalogBuilderAppDelegate.m */; };
		C853B846133A9A0000BD30FD /* MainWindow.xib in Resources */ = {isa = PBXBuildFile; fileRef = C853B844133A9A0000BD30FD /* MainWindow.xib */; };
		C853B849133A9A0000BD30FD /* CatalogBuilderViewController.m in Sources */ = {isa = PBXBuildFile; fileRef = C853B848133A9A0000BD30FD /* CatalogBuilderViewController.m */; };
		C853B84C133A9A0000BD30FD /* CatalogBuilderViewController.xib in Resources */ = {isa = PBXBuildFile; fileRef = C853B84A133A9A0000BD30FD /* CatalogBuilderViewController.xib */; };
/* End PBXBuildFile section */

/* Begin PBXFileReference section */
		C853B82E133A9A0000BD30FD /* CatalogBuilder.app */ = {isa = PBXFileReference; explicitFileType = wrapper.application; includeInIndex = 0; path = CatalogBuilder.app; sourceTree = BUILT_PRODUCTS_DIR; };
		C853B832133A9A0000BD30FD /* UIKit.framework */ = {isa = PBXFileReference; lastKnownFileType = wrapper.framework; name = UIKit.framework; path = System/Library/Frameworks/UIKit.framework; sourceTree = SDKROOT; };
		C853B834133A9A0000BD30FD /* Foundation.framework */ = {isa = PBXFileReference; lastKnownFileType = wrapper.framework; name = Foundation.framework; path = System/Library/Frameworks/Foundation.framework; sourceTree = SDKROOT; };
		C853B836133A9A0000BD30FD /* CoreGraphics.framework */ = {isa = PBXFileReference; lastKnownFileType = wrapper.framework; name = CoreGraphics.framework; path = System/Library/Frameworks/CoreGraphics.framework; sourceTree = SDKROOT; };
		C853B83A133A9A0000BD30FD /* CatalogBuilder-Info.plist */ = {isa = PBXFileReference; path = "CatalogBuilder-Info.plist"; sourceTree = "<group>"; };
		C853B83C133A9A0000BD30FD /* en */ = {isa = PBXFileReference; lastKnownFileType = text.plist.strings; name = en; path = en.lproj/InfoPlist.strings; sourceTree = "<group>"; };
		C853B83E133A9A0000BD30FD /* CatalogBuilder-Prefix.pch */ = {isa = PBXFileReference; path = "CatalogBuilder-Prefix.pch"; sourceTree = "<group>"; };
		C853B83F133A9A0000BD30FD /* main.m */ = {isa = PBXFileReference; lastKnownFileType = sourcecode.c.objc; path = main.m; sourceTree = "<group>"; };
		C853B841133A9A0000BD30FD /* CatalogBuilderAppDelegate.h */ = {isa = PBXFileReference; path = CatalogBuilderAppDelegate.h; sourceTree = "<group>"; };
		C853B842133A9A0000BD30FD /* CatalogBuilderAppDelegate.m */ = {isa = PBXFileReference; lastKnownFileType = sourcecode.c.objc; path = CatalogBuilderAppDelegate.m; sourceTree = "<group>"; };
		C853B845133A9A0000BD30FD /* en */ = {isa = PBXFileReference; lastKnownFileType = file.xib; name = en; path = en.lproj/MainWindow.xib; sourceTree = "<group>"; };
		C853B847133A9A0000BD30FD /* CatalogBuilderViewController.h */ = {isa = PBXFileReference; path = CatalogBuilderViewController.h; sourceTree = "<group>"; };
		C853B848133A9A0000BD30FD /* CatalogBuilderViewController.m */ = {isa = PBXFileReference; lastKnownFileType = sourcecode.c.objc; path = CatalogBuilderViewController.m; sourceTree = "<group>"; };
		C853B84B133A9A0000BD30FD /* en */ = {isa = PBXFileReference; lastKnownFileType = file.xib; name = en; path = en.lproj/CatalogBuilderViewController.xib; sourceTree = "<group>"; };
/* End PBXFileReference section */

/* Begin PBXFrameworksBuildPhase section */
		C853B82B133A9A0000BD30FD /* Frameworks */ = {
			isa = PBXFrameworksBuildPhase;
			buildActionMask = 2147483647;
			files = (
				C853B833133A9A0000BD30FD /* UIKit.framework in Frameworks */,
				C853B835133A9A0000BD30FD /* Foundation.framework in Frameworks */,
				C853B837133A9A0000BD30FD /* CoreGraphics.framework in Frameworks */,
			);
			runOnlyForDeploymentPostprocessing = 0;
		};
/* End PBXFrameworksBuildPhase section */

/* Begin PBXGroup section */
		C853B823133A9A0000BD30FD = {
			isa = PBXGroup;
			children = (
				C853B838133A9A0000BD30FD /* CatalogBuilder */,
				C853B831133A9A0000BD30FD /* Frameworks */,
				C853B82F133A9A0000BD30FD /* Products */,
			);
			sourceTree = "<group>";
		};
		C853B82F133A9A0000BD30FD /* Products */ = {
			isa = PBXGroup;
			children = (
				C853B82E133A9A0000BD30FD /* CatalogBuilder.app */,
			);
			name = Products;
			sourceTree = "<group>";
		};
		C853B831133A9A0000BD30FD /* Frameworks */ = {
			isa = PBXGroup;
			children = (
				C853B832133A9A0000BD30FD /* UIKit.framework */,
				C853B834133A9A0000BD30FD /* Foundation.framework */,
				C853B836133A9A0000BD30FD /* CoreGraphics.framework */,
			);
			name = Frameworks;
			sourceTree = "<group>";
		};
		C853B838133A9A0000BD30FD /* CatalogBuilder */ = {
			isa = PBXGroup;
			children = (
				C853B841133A9A0000BD30FD /* CatalogBuilderAppDelegate.h */,
				C853B842133A9A0000BD30FD /* CatalogBuilderAppDelegate.m */,
				C853B844133A9A0000BD30FD /* MainWindow.xib */,
				C853B847133A9A0000BD30FD /* CatalogBuilderViewController.h */,
				C853B848133A9A0000BD30FD /* CatalogBuilderViewController.m */,
				C853B84A133A9A0000BD30FD /* CatalogBuilderViewController.xib */,
				C853B839133A9A0000BD30FD /* Supporting Files */,
			);
			path = CatalogBuilder;
			sourceTree = "<group>";
		};
		C853B839133A9A0000BD30FD /* Supporting Files */ = {
			isa = PBXGroup;
			children = (
				C853B83A133A9A0000BD30FD /* CatalogBuilder-Info.plist */,
				C853B83B133A9A0000BD30FD /* InfoPlist.strings */,
				C853B83E133A9A0000BD30FD /* CatalogBuilder-Prefix.pch */,
				C853B83F133A9A0000BD30FD /* main.m */,
			);
			name = "Supporting Files";
			sourceTree = "<group>";
		};
/* End PBXGroup section */

/* Begin PBXNativeTarget section */
		C853B82D133A9A0000BD30FD /* CatalogBuilder */ = {
			isa = PBXNativeTarget;
			buildConfigurationList = C853B84F133A9A0000BD30FD /* Build configuration list for PBXNativeTarget "CatalogBuilder" */;
			buildPhases = (
				C853B82A133A9A0000BD30FD /* Sources */,
				C853B82B133A9A0000BD30FD /* Frameworks */,
				C853B82C133A9A0000BD30FD /* Resources */,
			);
			buildRules = (
			);
			dependencies = (
			);
			name = CatalogBuilder;
			productName = CatalogBuilder;
			productReference = C853B82E133A9A0000BD30FD /* CatalogBuilder.app */;
			productType = "com.apple.product-type.application";
		};
/* End PBXNativeTarget section */

/* Begin PBXProject section */
		C853B825133A9A0000BD30FD /* Project object */ = {
			isa = PBXProject;
			buildConfigurationList = C853B828133A9A0000BD30FD /* Build configuration list for PBXProject "CatalogBuilder" */;
			compatibilityVersion = "Xcode 3.2";
			developmentRegion = English;
			hasScannedForEncodings = 0;
			knownRegions = (
				en,
			);
			mainGroup = C853B823133A9A0000BD30FD;
			productRefGroup = C853B82F133A9A0000BD30FD /* Products */;
			projectDirPath = "";
			projectRoot = "";
			targets = (
				C853B82D133A9A0000BD30FD /* CatalogBuilder */,
			);
		};
/* End PBXProject section */

/* Begin PBXResourcesBuildPhase section */
		C853B82C133A9A0000BD30FD /* Resources */ = {
			isa = PBXResourcesBuildPhase;
			buildActionMask = 2147483647;
			files = (
				C853B83D133A9A0000BD30FD /* InfoPlist.strings in Resources */,
				C853B846133A9A0000BD30FD /* MainWindow.xib in Resources */,
				C853B84C133A9A0000BD30FD /* CatalogBuilderViewController.xib in Resources */,
			);
			runOnlyForDeploymentPostprocessing = 0;
		};
/* End PBXResourcesBuildPhase section */

/* Begin PBXSourcesBuildPhase section */
		C853B82A133A9A0000BD30FD /* Sources */ = {
			isa = PBXSourcesBuildPhase;
			buildActionMask = 2147483647;
			files = (
				C853B840133A9A0000BD30FD /* main.m in Sources */,
				C853B843133A9A0000BD30FD /* CatalogBuilderAppDelegate.m in Sources */,
				C853B849133A9A0000BD30FD /* CatalogBuilderViewController.m in Sources */,
			);
			runOnlyForDeploymentPostprocessing = 0;
		};
/* End PBXSourcesBuildPhase section */

/* Begin PBXVariantGroup section */
		C853B83B133A9A0000BD30FD /* InfoPlist.strings */ = {
			isa = PBXVariantGroup;
			children = (
				C853B83C133A9A0000BD30FD /* en */,
			);
			name = InfoPlist.strings;
			sourceTree = "<group>";
		};
		C853B844133A9A0000BD30FD /* MainWindow.xib */ = {
			isa = PBXVariantGroup;
			children = (
				C853B845133A9A0000BD30FD /* en */,
			);
			name = MainWindow.xib;
			sourceTree = "<group>";
		};
		C853B84A133A9A0000BD30FD /* CatalogBuilderViewController.xib */ = {
			isa = PBXVariantGroup;
			children = (
				C853B84B133A9A0000BD30FD /* en */,
			);
			name = CatalogBuilderViewController.xib;
			sourceTree = "<group>";
		};
/* End PBXVariantGroup section */

/* Begin XCBuildConfiguration section */
		C853B84D133A9A0000BD30FD /* Debug */ = {
			isa = XCBuildConfiguration;
			buildSettings = {
				ARCHS = "$(ARCHS_STANDARD_32_BIT)";
				"CODE_SIGN_IDENTITY[sdk=iphoneos*]" = "iPhone Developer";
				GCC_C_LANGUAGE_STANDARD = gnu99;
				GCC_OPTIMIZATION_LEVEL = 0;
				GCC_PREPROCESSOR_DEFINITIONS = DEBUG;
				GCC_VERSION = com.apple.compilers.llvmgcc42;
				GCC_WARN_ABOUT_RETURN_TYPE = YES;
				GCC_WARN_UNUSED_VARIABLE = YES;
				IPHONEOS_DEPLOYMENT_TARGET = 4.2;
				SDKROOT = iphoneos;
			};
			name = Debug;
		};
		C853B84E133A9A0000BD30FD /* Release */ = {
			isa = XCBuildConfiguration;
			buildSettings = {
				ARCHS = "$(ARCHS_STANDARD_32_BIT)";
				"CODE_SIGN_IDENTITY[sdk=iphoneos*]" = "iPhone Developer";
				GCC_C_LANGUAGE_STANDARD = gnu99;
				GCC_VERSION = com.apple.compilers.llvmgcc42;
				GCC_WARN_ABOUT_RETURN_TYPE = YES;
				GCC_WARN_UNUSED_VARIABLE = YES;
				IPHONEOS_DEPLOYMENT_TARGET = 4.2;
				OTHER_CFLAGS = "-DNS_BLOCK_ASSERTIONS=1";
				SDKROOT = iphoneos;
			};
			name = Release;
		};
		C853B850133A9A0000BD30FD /* Debug */ = {
			isa = XCBuildConfiguration;
			buildSettings = {
				ALWAYS_SEARCH_USER_PATHS = NO;
				COPY_PHASE_STRIP = NO;
				GCC_DYNAMIC_NO_PIC = NO;
				GCC_PRECOMPILE_PREFIX_HEADER = YES;
				GCC_PREFIX_HEADER = "CatalogBuilder/CatalogBuilder-Prefix.pch";
				INFOPLIST_FILE = "CatalogBuilder/CatalogBuilder-Info.plist";
				INSTALL_PATH = "$(LOCAL_APPS_DIR)";
				PRODUCT_NAME = "$(TARGET_NAME)";
				WRAPPER_EXTENSION = app;
			};
			name = Debug;
		};
		C853B851133A9A0000BD30FD /* Release */ = {
			isa = XCBuildConfiguration;
			buildSettings = {
				ALWAYS_SEARCH_USER_PATHS = NO;
				COPY_PHASE_STRIP = YES;
				GCC_PRECOMPILE_PREFIX_HEADER = YES;
				GCC_PREFIX_HEADER = "CatalogBuilder/CatalogBuilder-Prefix.pch";
				INFOPLIST_FILE = "CatalogBuilder/CatalogBuilder-Info.plist";
				INSTALL_PATH = "$(LOCAL_APPS_DIR)";
				PRODUCT_NAME = "$(TARGET_NAME)";
				VALIDATE_PRODUCT = YES;
				WRAPPER_EXTENSION = app;
			};
			name = Release;
		};
/* End XCBuildConfiguration section */

/* Begin XCConfigurationList section */
		C853B828133A9A0000BD30FD /* Build configuration list for PBXProject "CatalogBuilder" */ = {
			isa = XCConfigurationList;
			buildConfigurations = (
				C853B84D133A9A0000BD30FD /* Debug */,
				C853B84E133A9A0000BD30FD /* Release */,
			);
			defaultConfigurationIsVisible = 0;
			defaultConfigurationName = Release;
		};
		C853B84F133A9A0000BD30FD /* Build configuration list for PBXNativeTarget "CatalogBuilder" */ = {
			isa = XCConfigurationList;
			buildConfigurations = (
				C853B850133A9A0000BD30FD /* Debug */,
				C853B851133A9A0000BD30FD /* Release */,
			);
			defaultConfigurationIsVisible = 0;
		};
/* End XCConfigurationList section */
	};
	rootObject = C853B825133A9A0000BD30FD /* Project object */;
}
